// !$*UTF8*$!
{
	archiveVersion = 1;
	classes = {
	};
	objectVersion = 46;
	objects = {

/* Begin PBXBuildFile section */
		1DDEF05B1B29A6A600B6F61B /* GeodeticUTMConverter.m in Sources */ = {isa = PBXBuildFile; fileRef = 1DDEF05A1B29A6A600B6F61B /* GeodeticUTMConverter.m */; };
		1DDEF05E1B29A6E700B6F61B /* CLPAddressAnnotation.m in Sources */ = {isa = PBXBuildFile; fileRef = 1DDEF05D1B29A6E700B6F61B /* CLPAddressAnnotation.m */; };
		1DE0F8AD1B3ABA1E007D8572 /* CustomIOSAlertView.m in Sources */ = {isa = PBXBuildFile; fileRef = 1DE0F8AC1B3ABA1E007D8572 /* CustomIOSAlertView.m */; };
		1DE0F8B01B3ABB78007D8572 /* UIColor+MyColor.m in Sources */ = {isa = PBXBuildFile; fileRef = 1DE0F8AF1B3ABB78007D8572 /* UIColor+MyColor.m */; };
		1DE0F8B21B3AC2DC007D8572 /* Foundation.framework in Frameworks */ = {isa = PBXBuildFile; fileRef = 1DE0F8B11B3AC2DC007D8572 /* Foundation.framework */; };
		1DE0F8B41B3AC2E2007D8572 /* UIKit.framework in Frameworks */ = {isa = PBXBuildFile; fileRef = 1DE0F8B31B3AC2E2007D8572 /* UIKit.framework */; };
		1DE0F8B61B3AC2EA007D8572 /* CoreGraphics.framework in Frameworks */ = {isa = PBXBuildFile; fileRef = 1DE0F8B51B3AC2EA007D8572 /* CoreGraphics.framework */; };
		1DE0F8BF1B3ACE38007D8572 /* Fabric.framework in Frameworks */ = {isa = PBXBuildFile; fileRef = 1DE0F8BB1B3ACE38007D8572 /* Fabric.framework */; };
		1DE0F8C01B3ACE38007D8572 /* TwitterKit.framework in Frameworks */ = {isa = PBXBuildFile; fileRef = 1DE0F8BC1B3ACE38007D8572 /* TwitterKit.framework */; };
		1DE0F8C11B3ACE38007D8572 /* TwitterKitResources.bundle in Resources */ = {isa = PBXBuildFile; fileRef = 1DE0F8BD1B3ACE38007D8572 /* TwitterKitResources.bundle */; };
		1DE0F8C21B3ACE38007D8572 /* TwitterCore.framework in Frameworks */ = {isa = PBXBuildFile; fileRef = 1DE0F8BE1B3ACE38007D8572 /* TwitterCore.framework */; };
		1DE0F8C51B3ACEA8007D8572 /* TBTwitterController.m in Sources */ = {isa = PBXBuildFile; fileRef = 1DE0F8C41B3ACEA8007D8572 /* TBTwitterController.m */; };
		2D8834CA64C1804E9C7DEBB9 /* libPods.a in Frameworks */ = {isa = PBXBuildFile; fileRef = 218463949B61A9E06F4DCF8A /* libPods.a */; };
		3328F07A1B2B435F00D0093A /* APITussam.m in Sources */ = {isa = PBXBuildFile; fileRef = 3328F0791B2B435F00D0093A /* APITussam.m */; };
		3339B9101B3B118100CD64A6 /* MapKit.framework in Frameworks */ = {isa = PBXBuildFile; fileRef = 33CD2AEF1B28A5650081098C /* MapKit.framework */; };
		3339B9151B3B15F300CD64A6 /* ContextMenuCell.m in Sources */ = {isa = PBXBuildFile; fileRef = 3339B9131B3B15F300CD64A6 /* ContextMenuCell.m */; };
		3339B9161B3B15F300CD64A6 /* ContextMenuCell.xib in Resources */ = {isa = PBXBuildFile; fileRef = 3339B9141B3B15F300CD64A6 /* ContextMenuCell.xib */; };
		3339B91B1B3B1FDE00CD64A6 /* MoPub.framework in Frameworks */ = {isa = PBXBuildFile; fileRef = 3339B9191B3B1FDE00CD64A6 /* MoPub.framework */; };
		3339B91C1B3B1FDE00CD64A6 /* MoPub.bundle in Resources */ = {isa = PBXBuildFile; fileRef = 3339B91A1B3B1FDE00CD64A6 /* MoPub.bundle */; };
		33CD2AED1B28A07C0081098C /* TBMainController.m in Sources */ = {isa = PBXBuildFile; fileRef = 33CD2AEB1B28A07C0081098C /* TBMainController.m */; };
		33CD2AF51B28A6070081098C /* TBStopController.m in Sources */ = {isa = PBXBuildFile; fileRef = 33CD2AF41B28A6070081098C /* TBStopController.m */; };
		33DD84BC1B245152000EF9A6 /* main.m in Sources */ = {isa = PBXBuildFile; fileRef = 33DD84BB1B245152000EF9A6 /* main.m */; };
		33DD84BF1B245152000EF9A6 /* AppDelegate.m in Sources */ = {isa = PBXBuildFile; fileRef = 33DD84BE1B245152000EF9A6 /* AppDelegate.m */; };
		33DD84C51B245153000EF9A6 /* Main.storyboard in Resources */ = {isa = PBXBuildFile; fileRef = 33DD84C31B245153000EF9A6 /* Main.storyboard */; };
		33DD84C71B245153000EF9A6 /* Images.xcassets in Resources */ = {isa = PBXBuildFile; fileRef = 33DD84C61B245153000EF9A6 /* Images.xcassets */; };
		33DD84CA1B245153000EF9A6 /* LaunchScreen.xib in Resources */ = {isa = PBXBuildFile; fileRef = 33DD84C81B245153000EF9A6 /* LaunchScreen.xib */; };
		33DD84D61B245153000EF9A6 /* TuBusTests.m in Sources */ = {isa = PBXBuildFile; fileRef = 33DD84D51B245153000EF9A6 /* TuBusTests.m */; };
/* End PBXBuildFile section */

/* Begin PBXContainerItemProxy section */
		33DD84D01B245153000EF9A6 /* PBXContainerItemProxy */ = {
			isa = PBXContainerItemProxy;
			containerPortal = 33DD84AE1B245152000EF9A6 /* Project object */;
			proxyType = 1;
			remoteGlobalIDString = 33DD84B51B245152000EF9A6;
			remoteInfo = TuBus;
		};
/* End PBXContainerItemProxy section */

/* Begin PBXFileReference section */
		1DDEF0591B29A6A600B6F61B /* GeodeticUTMConverter.h */ = {isa = PBXFileReference; fileEncoding = 4; lastKnownFileType = sourcecode.c.h; path = GeodeticUTMConverter.h; sourceTree = "<group>"; };
		1DDEF05A1B29A6A600B6F61B /* GeodeticUTMConverter.m */ = {isa = PBXFileReference; fileEncoding = 4; lastKnownFileType = sourcecode.c.objc; path = GeodeticUTMConverter.m; sourceTree = "<group>"; };
		1DDEF05C1B29A6E700B6F61B /* CLPAddressAnnotation.h */ = {isa = PBXFileReference; fileEncoding = 4; lastKnownFileType = sourcecode.c.h; path = CLPAddressAnnotation.h; sourceTree = "<group>"; };
		1DDEF05D1B29A6E700B6F61B /* CLPAddressAnnotation.m */ = {isa = PBXFileReference; fileEncoding = 4; lastKnownFileType = sourcecode.c.objc; path = CLPAddressAnnotation.m; sourceTree = "<group>"; };
		1DE0F8AB1B3ABA1E007D8572 /* CustomIOSAlertView.h */ = {isa = PBXFileReference; fileEncoding = 4; lastKnownFileType = sourcecode.c.h; path = CustomIOSAlertView.h; sourceTree = "<group>"; };
		1DE0F8AC1B3ABA1E007D8572 /* CustomIOSAlertView.m */ = {isa = PBXFileReference; fileEncoding = 4; lastKnownFileType = sourcecode.c.objc; path = CustomIOSAlertView.m; sourceTree = "<group>"; };
		1DE0F8AE1B3ABB78007D8572 /* UIColor+MyColor.h */ = {isa = PBXFileReference; fileEncoding = 4; lastKnownFileType = sourcecode.c.h; path = "UIColor+MyColor.h"; sourceTree = "<group>"; };
		1DE0F8AF1B3ABB78007D8572 /* UIColor+MyColor.m */ = {isa = PBXFileReference; fileEncoding = 4; lastKnownFileType = sourcecode.c.objc; path = "UIColor+MyColor.m"; sourceTree = "<group>"; };
		1DE0F8B11B3AC2DC007D8572 /* Foundation.framework */ = {isa = PBXFileReference; lastKnownFileType = wrapper.framework; name = Foundation.framework; path = System/Library/Frameworks/Foundation.framework; sourceTree = SDKROOT; };
		1DE0F8B31B3AC2E2007D8572 /* UIKit.framework */ = {isa = PBXFileReference; lastKnownFileType = wrapper.framework; name = UIKit.framework; path = System/Library/Frameworks/UIKit.framework; sourceTree = SDKROOT; };
		1DE0F8B51B3AC2EA007D8572 /* CoreGraphics.framework */ = {isa = PBXFileReference; lastKnownFileType = wrapper.framework; name = CoreGraphics.framework; path = System/Library/Frameworks/CoreGraphics.framework; sourceTree = SDKROOT; };
		1DE0F8BB1B3ACE38007D8572 /* Fabric.framework */ = {isa = PBXFileReference; lastKnownFileType = wrapper.framework; path = Fabric.framework; sourceTree = "<group>"; };
		1DE0F8BC1B3ACE38007D8572 /* TwitterKit.framework */ = {isa = PBXFileReference; lastKnownFileType = wrapper.framework; path = TwitterKit.framework; sourceTree = "<group>"; };
		1DE0F8BD1B3ACE38007D8572 /* TwitterKitResources.bundle */ = {isa = PBXFileReference; lastKnownFileType = "wrapper.plug-in"; path = TwitterKitResources.bundle; sourceTree = "<group>"; };
		1DE0F8BE1B3ACE38007D8572 /* TwitterCore.framework */ = {isa = PBXFileReference; lastKnownFileType = wrapper.framework; path = TwitterCore.framework; sourceTree = "<group>"; };
		1DE0F8C31B3ACEA8007D8572 /* TBTwitterController.h */ = {isa = PBXFileReference; fileEncoding = 4; lastKnownFileType = sourcecode.c.h; path = TBTwitterController.h; sourceTree = "<group>"; };
		1DE0F8C41B3ACEA8007D8572 /* TBTwitterController.m */ = {isa = PBXFileReference; fileEncoding = 4; lastKnownFileType = sourcecode.c.objc; path = TBTwitterController.m; sourceTree = "<group>"; };
		1DE0F8C81B3ACFFB007D8572 /* es */ = {isa = PBXFileReference; lastKnownFileType = text.plist.strings; name = es; path = es.lproj/Main.strings; sourceTree = "<group>"; };
		1DE0F8C91B3ACFFB007D8572 /* es */ = {isa = PBXFileReference; lastKnownFileType = text.plist.strings; name = es; path = es.lproj/LaunchScreen.strings; sourceTree = "<group>"; };
		218463949B61A9E06F4DCF8A /* libPods.a */ = {isa = PBXFileReference; explicitFileType = archive.ar; includeInIndex = 0; path = libPods.a; sourceTree = BUILT_PRODUCTS_DIR; };
		330D09181B25E011003E449C /* Security.framework */ = {isa = PBXFileReference; lastKnownFileType = wrapper.framework; name = Security.framework; path = System/Library/Frameworks/Security.framework; sourceTree = SDKROOT; };
		330D091A1B25E015003E449C /* Accounts.framework */ = {isa = PBXFileReference; lastKnownFileType = wrapper.framework; name = Accounts.framework; path = System/Library/Frameworks/Accounts.framework; sourceTree = SDKROOT; };
		330D09401B260EA4003E449C /* CoreMedia.framework */ = {isa = PBXFileReference; lastKnownFileType = wrapper.framework; name = CoreMedia.framework; path = System/Library/Frameworks/CoreMedia.framework; sourceTree = SDKROOT; };
		330D09421B260EAC003E449C /* CoreMotion.framework */ = {isa = PBXFileReference; lastKnownFileType = wrapper.framework; name = CoreMotion.framework; path = System/Library/Frameworks/CoreMotion.framework; sourceTree = SDKROOT; };
		330D09441B260EB2003E449C /* AVFoundation.framework */ = {isa = PBXFileReference; lastKnownFileType = wrapper.framework; name = AVFoundation.framework; path = System/Library/Frameworks/AVFoundation.framework; sourceTree = SDKROOT; };
		330D09461B260EBD003E449C /* SystemConfiguration.framework */ = {isa = PBXFileReference; lastKnownFileType = wrapper.framework; name = SystemConfiguration.framework; path = System/Library/Frameworks/SystemConfiguration.framework; sourceTree = SDKROOT; };
		330D09481B260EC3003E449C /* OpenGLES.framework */ = {isa = PBXFileReference; lastKnownFileType = wrapper.framework; name = OpenGLES.framework; path = System/Library/Frameworks/OpenGLES.framework; sourceTree = SDKROOT; };
		3328F0781B2B435F00D0093A /* APITussam.h */ = {isa = PBXFileReference; fileEncoding = 4; lastKnownFileType = sourcecode.c.h; path = APITussam.h; sourceTree = "<group>"; };
		3328F0791B2B435F00D0093A /* APITussam.m */ = {isa = PBXFileReference; fileEncoding = 4; lastKnownFileType = sourcecode.c.objc; path = APITussam.m; sourceTree = "<group>"; };
		3339B9121B3B15F300CD64A6 /* ContextMenuCell.h */ = {isa = PBXFileReference; fileEncoding = 4; lastKnownFileType = sourcecode.c.h; path = ContextMenuCell.h; sourceTree = "<group>"; };
		3339B9131B3B15F300CD64A6 /* ContextMenuCell.m */ = {isa = PBXFileReference; fileEncoding = 4; lastKnownFileType = sourcecode.c.objc; path = ContextMenuCell.m; sourceTree = "<group>"; };
		3339B9141B3B15F300CD64A6 /* ContextMenuCell.xib */ = {isa = PBXFileReference; fileEncoding = 4; lastKnownFileType = file.xib; path = ContextMenuCell.xib; sourceTree = "<group>"; };
		3339B9191B3B1FDE00CD64A6 /* MoPub.framework */ = {isa = PBXFileReference; lastKnownFileType = wrapper.framework; path = MoPub.framework; sourceTree = "<group>"; };
		3339B91A1B3B1FDE00CD64A6 /* MoPub.bundle */ = {isa = PBXFileReference; lastKnownFileType = "wrapper.plug-in"; path = MoPub.bundle; sourceTree = "<group>"; };
		33CD2AEA1B28A07C0081098C /* TBMainController.h */ = {isa = PBXFileReference; fileEncoding = 4; lastKnownFileType = sourcecode.c.h; path = TBMainController.h; sourceTree = "<group>"; };
		33CD2AEB1B28A07C0081098C /* TBMainController.m */ = {isa = PBXFileReference; fileEncoding = 4; lastKnownFileType = sourcecode.c.objc; path = TBMainController.m; sourceTree = "<group>"; };
		33CD2AEF1B28A5650081098C /* MapKit.framework */ = {isa = PBXFileReference; lastKnownFileType = wrapper.framework; name = MapKit.framework; path = System/Library/Frameworks/MapKit.framework; sourceTree = SDKROOT; };
		33CD2AF11B28A56C0081098C /* CoreLocation.framework */ = {isa = PBXFileReference; lastKnownFileType = wrapper.framework; name = CoreLocation.framework; path = System/Library/Frameworks/CoreLocation.framework; sourceTree = SDKROOT; };
		33CD2AF31B28A6070081098C /* TBStopController.h */ = {isa = PBXFileReference; fileEncoding = 4; lastKnownFileType = sourcecode.c.h; path = TBStopController.h; sourceTree = "<group>"; };
		33CD2AF41B28A6070081098C /* TBStopController.m */ = {isa = PBXFileReference; fileEncoding = 4; lastKnownFileType = sourcecode.c.objc; path = TBStopController.m; sourceTree = "<group>"; };
		33DD84B61B245152000EF9A6 /* TuBus.app */ = {isa = PBXFileReference; explicitFileType = wrapper.application; includeInIndex = 0; path = TuBus.app; sourceTree = BUILT_PRODUCTS_DIR; };
		33DD84BA1B245152000EF9A6 /* Info.plist */ = {isa = PBXFileReference; lastKnownFileType = text.plist.xml; path = Info.plist; sourceTree = "<group>"; };
		33DD84BB1B245152000EF9A6 /* main.m */ = {isa = PBXFileReference; lastKnownFileType = sourcecode.c.objc; path = main.m; sourceTree = "<group>"; };
		33DD84BD1B245152000EF9A6 /* AppDelegate.h */ = {isa = PBXFileReference; lastKnownFileType = sourcecode.c.h; path = AppDelegate.h; sourceTree = "<group>"; };
		33DD84BE1B245152000EF9A6 /* AppDelegate.m */ = {isa = PBXFileReference; lastKnownFileType = sourcecode.c.objc; path = AppDelegate.m; sourceTree = "<group>"; };
		33DD84C41B245153000EF9A6 /* Base */ = {isa = PBXFileReference; lastKnownFileType = file.storyboard; name = Base; path = Base.lproj/Main.storyboard; sourceTree = "<group>"; };
		33DD84C61B245153000EF9A6 /* Images.xcassets */ = {isa = PBXFileReference; lastKnownFileType = folder.assetcatalog; path = Images.xcassets; sourceTree = "<group>"; };
		33DD84C91B245153000EF9A6 /* Base */ = {isa = PBXFileReference; lastKnownFileType = file.xib; name = Base; path = Base.lproj/LaunchScreen.xib; sourceTree = "<group>"; };
		33DD84CF1B245153000EF9A6 /* TuBusTests.xctest */ = {isa = PBXFileReference; explicitFileType = wrapper.cfbundle; includeInIndex = 0; path = TuBusTests.xctest; sourceTree = BUILT_PRODUCTS_DIR; };
		33DD84D41B245153000EF9A6 /* Info.plist */ = {isa = PBXFileReference; lastKnownFileType = text.plist.xml; path = Info.plist; sourceTree = "<group>"; };
		33DD84D51B245153000EF9A6 /* TuBusTests.m */ = {isa = PBXFileReference; lastKnownFileType = sourcecode.c.objc; path = TuBusTests.m; sourceTree = "<group>"; };
		5EC6D810FF8FA3D2B93D1FEC /* Pods.release.xcconfig */ = {isa = PBXFileReference; includeInIndex = 1; lastKnownFileType = text.xcconfig; name = Pods.release.xcconfig; path = "Pods/Target Support Files/Pods/Pods.release.xcconfig"; sourceTree = "<group>"; };
		D1B1F2649EBA56ED6BD81E0F /* Pods.debug.xcconfig */ = {isa = PBXFileReference; includeInIndex = 1; lastKnownFileType = text.xcconfig; name = Pods.debug.xcconfig; path = "Pods/Target Support Files/Pods/Pods.debug.xcconfig"; sourceTree = "<group>"; };
/* End PBXFileReference section */

/* Begin PBXFrameworksBuildPhase section */
		33DD84B31B245152000EF9A6 /* Frameworks */ = {
			isa = PBXFrameworksBuildPhase;
			buildActionMask = 2147483647;
			files = (
				3339B9101B3B118100CD64A6 /* MapKit.framework in Frameworks */,
				3339B91B1B3B1FDE00CD64A6 /* MoPub.framework in Frameworks */,
				1DE0F8B61B3AC2EA007D8572 /* CoreGraphics.framework in Frameworks */,
				1DE0F8BF1B3ACE38007D8572 /* Fabric.framework in Frameworks */,
				1DE0F8C21B3ACE38007D8572 /* TwitterCore.framework in Frameworks */,
				1DE0F8B41B3AC2E2007D8572 /* UIKit.framework in Frameworks */,
				1DE0F8B21B3AC2DC007D8572 /* Foundation.framework in Frameworks */,
				2D8834CA64C1804E9C7DEBB9 /* libPods.a in Frameworks */,
				1DE0F8C01B3ACE38007D8572 /* TwitterKit.framework in Frameworks */,
			);
			runOnlyForDeploymentPostprocessing = 0;
		};
		33DD84CC1B245153000EF9A6 /* Frameworks */ = {
			isa = PBXFrameworksBuildPhase;
			buildActionMask = 2147483647;
			files = (
			);
			runOnlyForDeploymentPostprocessing = 0;
		};
/* End PBXFrameworksBuildPhase section */

/* Begin PBXGroup section */
		1DDEF0561B29A67E00B6F61B /* model */ = {
			isa = PBXGroup;
			children = (
				3328F0771B2B433D00D0093A /* api */,
				1DDEF0571B29A68700B6F61B /* utils */,
			);
			name = model;
			sourceTree = "<group>";
		};
		1DDEF0571B29A68700B6F61B /* utils */ = {
			isa = PBXGroup;
			children = (
				1DE0F8AE1B3ABB78007D8572 /* UIColor+MyColor.h */,
				1DE0F8AF1B3ABB78007D8572 /* UIColor+MyColor.m */,
				1DE0F8AA1B3ABA00007D8572 /* CustomIOSAlert */,
				1DDEF0581B29A69100B6F61B /* UTMConverter */,
			);
			name = utils;
			sourceTree = "<group>";
		};
		1DDEF0581B29A69100B6F61B /* UTMConverter */ = {
			isa = PBXGroup;
			children = (
				1DDEF05C1B29A6E700B6F61B /* CLPAddressAnnotation.h */,
				1DDEF05D1B29A6E700B6F61B /* CLPAddressAnnotation.m */,
				1DDEF0591B29A6A600B6F61B /* GeodeticUTMConverter.h */,
				1DDEF05A1B29A6A600B6F61B /* GeodeticUTMConverter.m */,
			);
			name = UTMConverter;
			sourceTree = "<group>";
		};
		1DE0F8AA1B3ABA00007D8572 /* CustomIOSAlert */ = {
			isa = PBXGroup;
			children = (
				1DE0F8AB1B3ABA1E007D8572 /* CustomIOSAlertView.h */,
				1DE0F8AC1B3ABA1E007D8572 /* CustomIOSAlertView.m */,
			);
			name = CustomIOSAlert;
			sourceTree = "<group>";
		};
		1DE0F8C61B3ACF4C007D8572 /* APITussam */ = {
			isa = PBXGroup;
			children = (
				3328F0781B2B435F00D0093A /* APITussam.h */,
				3328F0791B2B435F00D0093A /* APITussam.m */,
			);
			name = APITussam;
			sourceTree = "<group>";
		};
		1DE0F8C71B3ACF57007D8572 /* APITwitter */ = {
			isa = PBXGroup;
			children = (
				1DE0F8BB1B3ACE38007D8572 /* Fabric.framework */,
				1DE0F8BC1B3ACE38007D8572 /* TwitterKit.framework */,
				1DE0F8BD1B3ACE38007D8572 /* TwitterKitResources.bundle */,
				1DE0F8BE1B3ACE38007D8572 /* TwitterCore.framework */,
			);
			name = APITwitter;
			sourceTree = "<group>";
		};
		31EA9B2D2B62DB7E2EB8ADDD /* Pods */ = {
			isa = PBXGroup;
			children = (
				D1B1F2649EBA56ED6BD81E0F /* Pods.debug.xcconfig */,
				5EC6D810FF8FA3D2B93D1FEC /* Pods.release.xcconfig */,
			);
			name = Pods;
			sourceTree = "<group>";
		};
		3328F0771B2B433D00D0093A /* api */ = {
			isa = PBXGroup;
			children = (
				3339B91D1B3B1FE200CD64A6 /* APIMoPub */,
				1DE0F8C71B3ACF57007D8572 /* APITwitter */,
				1DE0F8C61B3ACF4C007D8572 /* APITussam */,
			);
			name = api;
			sourceTree = "<group>";
		};
		3339B9111B3B15E200CD64A6 /* ContextMenuCell */ = {
			isa = PBXGroup;
			children = (
				3339B9121B3B15F300CD64A6 /* ContextMenuCell.h */,
				3339B9131B3B15F300CD64A6 /* ContextMenuCell.m */,
				3339B9141B3B15F300CD64A6 /* ContextMenuCell.xib */,
			);
			name = ContextMenuCell;
			sourceTree = "<group>";
		};
		3339B91D1B3B1FE200CD64A6 /* APIMoPub */ = {
			isa = PBXGroup;
			children = (
				3339B9191B3B1FDE00CD64A6 /* MoPub.framework */,
				3339B91A1B3B1FDE00CD64A6 /* MoPub.bundle */,
			);
			name = APIMoPub;
			sourceTree = "<group>";
		};
		33CD2AE91B28A0550081098C /* views */ = {
			isa = PBXGroup;
			children = (
				3339B9111B3B15E200CD64A6 /* ContextMenuCell */,
				33CD2AEA1B28A07C0081098C /* TBMainController.h */,
				33CD2AEB1B28A07C0081098C /* TBMainController.m */,
				33CD2AF31B28A6070081098C /* TBStopController.h */,
				33CD2AF41B28A6070081098C /* TBStopController.m */,
				1DE0F8C31B3ACEA8007D8572 /* TBTwitterController.h */,
				1DE0F8C41B3ACEA8007D8572 /* TBTwitterController.m */,
			);
			name = views;
			sourceTree = "<group>";
		};
		33DD84AD1B245152000EF9A6 = {
			isa = PBXGroup;
			children = (
				33DD84B81B245152000EF9A6 /* TuBus */,
				33DD84D21B245153000EF9A6 /* TuBusTests */,
				33DD84B71B245152000EF9A6 /* Products */,
				31EA9B2D2B62DB7E2EB8ADDD /* Pods */,
				C764C0A0DF03F59A3605142D /* Frameworks */,
			);
			sourceTree = "<group>";
		};
		33DD84B71B245152000EF9A6 /* Products */ = {
			isa = PBXGroup;
			children = (
				33DD84B61B245152000EF9A6 /* TuBus.app */,
				33DD84CF1B245153000EF9A6 /* TuBusTests.xctest */,
			);
			name = Products;
			sourceTree = "<group>";
		};
		33DD84B81B245152000EF9A6 /* TuBus */ = {
			isa = PBXGroup;
			children = (
				1DDEF0561B29A67E00B6F61B /* model */,
				33CD2AE91B28A0550081098C /* views */,
				33DD84BD1B245152000EF9A6 /* AppDelegate.h */,
				33DD84BE1B245152000EF9A6 /* AppDelegate.m */,
				33DD84C31B245153000EF9A6 /* Main.storyboard */,
				33DD84C61B245153000EF9A6 /* Images.xcassets */,
				33DD84C81B245153000EF9A6 /* LaunchScreen.xib */,
				33DD84B91B245152000EF9A6 /* Supporting Files */,
			);
			path = TuBus;
			sourceTree = "<group>";
		};
		33DD84B91B245152000EF9A6 /* Supporting Files */ = {
			isa = PBXGroup;
			children = (
				33DD84BA1B245152000EF9A6 /* Info.plist */,
				33DD84BB1B245152000EF9A6 /* main.m */,
			);
			name = "Supporting Files";
			sourceTree = "<group>";
		};
		33DD84D21B245153000EF9A6 /* TuBusTests */ = {
			isa = PBXGroup;
			children = (
				33DD84D51B245153000EF9A6 /* TuBusTests.m */,
				33DD84D31B245153000EF9A6 /* Supporting Files */,
			);
			path = TuBusTests;
			sourceTree = "<group>";
		};
		33DD84D31B245153000EF9A6 /* Supporting Files */ = {
			isa = PBXGroup;
			children = (
				33DD84D41B245153000EF9A6 /* Info.plist */,
			);
			name = "Supporting Files";
			sourceTree = "<group>";
		};
		C764C0A0DF03F59A3605142D /* Frameworks */ = {
			isa = PBXGroup;
			children = (
				1DE0F8B51B3AC2EA007D8572 /* CoreGraphics.framework */,
				1DE0F8B31B3AC2E2007D8572 /* UIKit.framework */,
				1DE0F8B11B3AC2DC007D8572 /* Foundation.framework */,
				33CD2AF11B28A56C0081098C /* CoreLocation.framework */,
				33CD2AEF1B28A5650081098C /* MapKit.framework */,
				330D09481B260EC3003E449C /* OpenGLES.framework */,
				330D09461B260EBD003E449C /* SystemConfiguration.framework */,
				330D09441B260EB2003E449C /* AVFoundation.framework */,
				330D09421B260EAC003E449C /* CoreMotion.framework */,
				330D09401B260EA4003E449C /* CoreMedia.framework */,
				330D091A1B25E015003E449C /* Accounts.framework */,
				330D09181B25E011003E449C /* Security.framework */,
				218463949B61A9E06F4DCF8A /* libPods.a */,
			);
			name = Frameworks;
			sourceTree = "<group>";
		};
/* End PBXGroup section */

/* Begin PBXNativeTarget section */
		33DD84B51B245152000EF9A6 /* TuBus */ = {
			isa = PBXNativeTarget;
			buildConfigurationList = 33DD84D91B245153000EF9A6 /* Build configuration list for PBXNativeTarget "TuBus" */;
			buildPhases = (
				35E6FE38C5EED37C2C966C94 /* Check Pods Manifest.lock */,
				33DD84B21B245152000EF9A6 /* Sources */,
				33DD84B31B245152000EF9A6 /* Frameworks */,
				33DD84B41B245152000EF9A6 /* Resources */,
				4B84CD3AB42CA25D5D6A45D7 /* Copy Pods Resources */,
				1DE0F8BA1B3ACDE1007D8572 /* ShellScript */,
			);
			buildRules = (
			);
			dependencies = (
			);
			name = TuBus;
			productName = TuBus;
			productReference = 33DD84B61B245152000EF9A6 /* TuBus.app */;
			productType = "com.apple.product-type.application";
		};
		33DD84CE1B245153000EF9A6 /* TuBusTests */ = {
			isa = PBXNativeTarget;
			buildConfigurationList = 33DD84DC1B245153000EF9A6 /* Build configuration list for PBXNativeTarget "TuBusTests" */;
			buildPhases = (
				33DD84CB1B245153000EF9A6 /* Sources */,
				33DD84CC1B245153000EF9A6 /* Frameworks */,
				33DD84CD1B245153000EF9A6 /* Resources */,
			);
			buildRules = (
			);
			dependencies = (
				33DD84D11B245153000EF9A6 /* PBXTargetDependency */,
			);
			name = TuBusTests;
			productName = TuBusTests;
			productReference = 33DD84CF1B245153000EF9A6 /* TuBusTests.xctest */;
			productType = "com.apple.product-type.bundle.unit-test";
		};
/* End PBXNativeTarget section */

/* Begin PBXProject section */
		33DD84AE1B245152000EF9A6 /* Project object */ = {
			isa = PBXProject;
			attributes = {
				LastUpgradeCheck = 0630;
				ORGANIZATIONNAME = "Daniel Martin Jimenez";
				TargetAttributes = {
					33DD84B51B245152000EF9A6 = {
						CreatedOnToolsVersion = 6.3.2;
					};
					33DD84CE1B245153000EF9A6 = {
						CreatedOnToolsVersion = 6.3.2;
						TestTargetID = 33DD84B51B245152000EF9A6;
					};
				};
			};
			buildConfigurationList = 33DD84B11B245152000EF9A6 /* Build configuration list for PBXProject "TuBus" */;
			compatibilityVersion = "Xcode 3.2";
			developmentRegion = English;
			hasScannedForEncodings = 0;
			knownRegions = (
				en,
				Base,
			);
			mainGroup = 33DD84AD1B245152000EF9A6;
			productRefGroup = 33DD84B71B245152000EF9A6 /* Products */;
			projectDirPath = "";
			projectRoot = "";
			targets = (
				33DD84B51B245152000EF9A6 /* TuBus */,
				33DD84CE1B245153000EF9A6 /* TuBusTests */,
			);
		};
/* End PBXProject section */

/* Begin PBXResourcesBuildPhase section */
		33DD84B41B245152000EF9A6 /* Resources */ = {
			isa = PBXResourcesBuildPhase;
			buildActionMask = 2147483647;
			files = (
				1DE0F8C11B3ACE38007D8572 /* TwitterKitResources.bundle in Resources */,
				3339B9161B3B15F300CD64A6 /* ContextMenuCell.xib in Resources */,
				33DD84C51B245153000EF9A6 /* Main.storyboard in Resources */,
				3339B91C1B3B1FDE00CD64A6 /* MoPub.bundle in Resources */,
				33DD84CA1B245153000EF9A6 /* LaunchScreen.xib in Resources */,
				33DD84C71B245153000EF9A6 /* Images.xcassets in Resources */,
			);
			runOnlyForDeploymentPostprocessing = 0;
		};
		33DD84CD1B245153000EF9A6 /* Resources */ = {
			isa = PBXResourcesBuildPhase;
			buildActionMask = 2147483647;
			files = (
			);
			runOnlyForDeploymentPostprocessing = 0;
		};
/* End PBXResourcesBuildPhase section */

/* Begin PBXShellScriptBuildPhase section */
		1DE0F8BA1B3ACDE1007D8572 /* ShellScript */ = {
			isa = PBXShellScriptBuildPhase;
			buildActionMask = 2147483647;
			files = (
			);
			inputPaths = (
			);
			outputPaths = (
			);
			runOnlyForDeploymentPostprocessing = 0;
			shellPath = /bin/sh;
			shellScript = "./Fabric.framework/run 511767ccbe1e5a2474ad81db27df90b995dbf99e d5cbfbcb3e1599cf073fd5b914bca747b5997304aefb5a693157f4d050f52b38";
		};
		35E6FE38C5EED37C2C966C94 /* Check Pods Manifest.lock */ = {
			isa = PBXShellScriptBuildPhase;
			buildActionMask = 2147483647;
			files = (
			);
			inputPaths = (
			);
			name = "Check Pods Manifest.lock";
			outputPaths = (
			);
			runOnlyForDeploymentPostprocessing = 0;
			shellPath = /bin/sh;
			shellScript = "diff \"${PODS_ROOT}/../Podfile.lock\" \"${PODS_ROOT}/Manifest.lock\" > /dev/null\nif [[ $? != 0 ]] ; then\n    cat << EOM\nerror: The sandbox is not in sync with the Podfile.lock. Run 'pod install' or update your CocoaPods installation.\nEOM\n    exit 1\nfi\n";
			showEnvVarsInLog = 0;
		};
		4B84CD3AB42CA25D5D6A45D7 /* Copy Pods Resources */ = {
			isa = PBXShellScriptBuildPhase;
			buildActionMask = 2147483647;
			files = (
			);
			inputPaths = (
			);
			name = "Copy Pods Resources";
			outputPaths = (
			);
			runOnlyForDeploymentPostprocessing = 0;
			shellPath = /bin/sh;
			shellScript = "\"${SRCROOT}/Pods/Target Support Files/Pods/Pods-resources.sh\"\n";
			showEnvVarsInLog = 0;
		};
/* End PBXShellScriptBuildPhase section */

/* Begin PBXSourcesBuildPhase section */
		33DD84B21B245152000EF9A6 /* Sources */ = {
			isa = PBXSourcesBuildPhase;
			buildActionMask = 2147483647;
			files = (
				1DE0F8AD1B3ABA1E007D8572 /* CustomIOSAlertView.m in Sources */,
				3328F07A1B2B435F00D0093A /* APITussam.m in Sources */,
				33CD2AED1B28A07C0081098C /* TBMainController.m in Sources */,
				1DE0F8B01B3ABB78007D8572 /* UIColor+MyColor.m in Sources */,
				33CD2AF51B28A6070081098C /* TBStopController.m in Sources */,
				33DD84BF1B245152000EF9A6 /* AppDelegate.m in Sources */,
				1DDEF05E1B29A6E700B6F61B /* CLPAddressAnnotation.m in Sources */,
				33DD84BC1B245152000EF9A6 /* main.m in Sources */,
				3339B9151B3B15F300CD64A6 /* ContextMenuCell.m in Sources */,
				1DDEF05B1B29A6A600B6F61B /* GeodeticUTMConverter.m in Sources */,
				1DE0F8C51B3ACEA8007D8572 /* TBTwitterController.m in Sources */,
			);
			runOnlyForDeploymentPostprocessing = 0;
		};
		33DD84CB1B245153000EF9A6 /* Sources */ = {
			isa = PBXSourcesBuildPhase;
			buildActionMask = 2147483647;
			files = (
				33DD84D61B245153000EF9A6 /* TuBusTests.m in Sources */,
			);
			runOnlyForDeploymentPostprocessing = 0;
		};
/* End PBXSourcesBuildPhase section */

/* Begin PBXTargetDependency section */
		33DD84D11B245153000EF9A6 /* PBXTargetDependency */ = {
			isa = PBXTargetDependency;
			target = 33DD84B51B245152000EF9A6 /* TuBus */;
			targetProxy = 33DD84D01B245153000EF9A6 /* PBXContainerItemProxy */;
		};
/* End PBXTargetDependency section */

/* Begin PBXVariantGroup section */
		33DD84C31B245153000EF9A6 /* Main.storyboard */ = {
			isa = PBXVariantGroup;
			children = (
				33DD84C41B245153000EF9A6 /* Base */,
				1DE0F8C81B3ACFFB007D8572 /* es */,
			);
			name = Main.storyboard;
			sourceTree = "<group>";
		};
		33DD84C81B245153000EF9A6 /* LaunchScreen.xib */ = {
			isa = PBXVariantGroup;
			children = (
				33DD84C91B245153000EF9A6 /* Base */,
				1DE0F8C91B3ACFFB007D8572 /* es */,
			);
			name = LaunchScreen.xib;
			sourceTree = "<group>";
		};
/* End PBXVariantGroup section */

/* Begin XCBuildConfiguration section */
		33DD84D71B245153000EF9A6 /* Debug */ = {
			isa = XCBuildConfiguration;
			buildSettings = {
				ALWAYS_SEARCH_USER_PATHS = NO;
				CLANG_CXX_LANGUAGE_STANDARD = "gnu++0x";
				CLANG_CXX_LIBRARY = "libc++";
				CLANG_ENABLE_MODULES = YES;
				CLANG_ENABLE_OBJC_ARC = YES;
				CLANG_WARN_BOOL_CONVERSION = YES;
				CLANG_WARN_CONSTANT_CONVERSION = YES;
				CLANG_WARN_DIRECT_OBJC_ISA_USAGE = YES_ERROR;
				CLANG_WARN_EMPTY_BODY = YES;
				CLANG_WARN_ENUM_CONVERSION = YES;
				CLANG_WARN_INT_CONVERSION = YES;
				CLANG_WARN_OBJC_ROOT_CLASS = YES_ERROR;
				CLANG_WARN_UNREACHABLE_CODE = YES;
				CLANG_WARN__DUPLICATE_METHOD_MATCH = YES;
				"CODE_SIGN_IDENTITY[sdk=iphoneos*]" = "iPhone Developer";
				COPY_PHASE_STRIP = NO;
				DEBUG_INFORMATION_FORMAT = "dwarf-with-dsym";
				ENABLE_STRICT_OBJC_MSGSEND = YES;
				GCC_C_LANGUAGE_STANDARD = gnu99;
				GCC_DYNAMIC_NO_PIC = NO;
				GCC_NO_COMMON_BLOCKS = YES;
				GCC_OPTIMIZATION_LEVEL = 0;
				GCC_PREPROCESSOR_DEFINITIONS = (
					"DEBUG=1",
					"$(inherited)",
				);
				GCC_SYMBOLS_PRIVATE_EXTERN = NO;
				GCC_WARN_64_TO_32_BIT_CONVERSION = YES;
				GCC_WARN_ABOUT_RETURN_TYPE = YES_ERROR;
				GCC_WARN_UNDECLARED_SELECTOR = YES;
				GCC_WARN_UNINITIALIZED_AUTOS = YES_AGGRESSIVE;
				GCC_WARN_UNUSED_FUNCTION = YES;
				GCC_WARN_UNUSED_VARIABLE = YES;
				IPHONEOS_DEPLOYMENT_TARGET = 8.3;
				MTL_ENABLE_DEBUG_INFO = YES;
				ONLY_ACTIVE_ARCH = YES;
				SDKROOT = iphoneos;
			};
			name = Debug;
		};
		33DD84D81B245153000EF9A6 /* Release */ = {
			isa = XCBuildConfiguration;
			buildSettings = {
				ALWAYS_SEARCH_USER_PATHS = NO;
				CLANG_CXX_LANGUAGE_STANDARD = "gnu++0x";
				CLANG_CXX_LIBRARY = "libc++";
				CLANG_ENABLE_MODULES = YES;
				CLANG_ENABLE_OBJC_ARC = YES;
				CLANG_WARN_BOOL_CONVERSION = YES;
				CLANG_WARN_CONSTANT_CONVERSION = YES;
				CLANG_WARN_DIRECT_OBJC_ISA_USAGE = YES_ERROR;
				CLANG_WARN_EMPTY_BODY = YES;
				CLANG_WARN_ENUM_CONVERSION = YES;
				CLANG_WARN_INT_CONVERSION = YES;
				CLANG_WARN_OBJC_ROOT_CLASS = YES_ERROR;
				CLANG_WARN_UNREACHABLE_CODE = YES;
				CLANG_WARN__DUPLICATE_METHOD_MATCH = YES;
				"CODE_SIGN_IDENTITY[sdk=iphoneos*]" = "iPhone Developer";
				COPY_PHASE_STRIP = NO;
				DEBUG_INFORMATION_FORMAT = "dwarf-with-dsym";
				ENABLE_NS_ASSERTIONS = NO;
				ENABLE_STRICT_OBJC_MSGSEND = YES;
				GCC_C_LANGUAGE_STANDARD = gnu99;
				GCC_NO_COMMON_BLOCKS = YES;
				GCC_WARN_64_TO_32_BIT_CONVERSION = YES;
				GCC_WARN_ABOUT_RETURN_TYPE = YES_ERROR;
				GCC_WARN_UNDECLARED_SELECTOR = YES;
				GCC_WARN_UNINITIALIZED_AUTOS = YES_AGGRESSIVE;
				GCC_WARN_UNUSED_FUNCTION = YES;
				GCC_WARN_UNUSED_VARIABLE = YES;
				IPHONEOS_DEPLOYMENT_TARGET = 8.3;
				MTL_ENABLE_DEBUG_INFO = NO;
				SDKROOT = iphoneos;
				VALIDATE_PRODUCT = YES;
			};
			name = Release;
		};
		33DD84DA1B245153000EF9A6 /* Debug */ = {
			isa = XCBuildConfiguration;
			baseConfigurationReference = D1B1F2649EBA56ED6BD81E0F /* Pods.debug.xcconfig */;
			buildSettings = {
				ASSETCATALOG_COMPILER_APPICON_NAME = AppIcon;
				FRAMEWORK_SEARCH_PATHS = (
					"$(inherited)",
					"$(PROJECT_DIR)",
					"$(PROJECT_DIR)/TuBus",
				);
				HEADER_SEARCH_PATHS = (
					"$(inherited)",
					"\"${PODS_ROOT}/Headers/Public\"",
					"\"${PODS_ROOT}/Headers/Public/AFNetworking\"",
					/usr/include/libxml2,
				);
				INFOPLIST_FILE = TuBus/Info.plist;
				IPHONEOS_DEPLOYMENT_TARGET = 8.0;
				LD_RUNPATH_SEARCH_PATHS = "$(inherited) @executable_path/Frameworks";
				LIBRARY_SEARCH_PATHS = "$(inherited)";
				OTHER_LDFLAGS = (
					"$(inherited)",
					"-ObjC",
					"-l\"Pods-AFNetworking\"",
					"-framework",
					"\"CoreGraphics\"",
					"-framework",
					"\"MobileCoreServices\"",
					"-framework",
					"\"Security\"",
					"-framework",
					"\"SystemConfiguration\"",
					"-lxml2",
				);
				PRODUCT_NAME = "$(TARGET_NAME)";
			};
			name = Debug;
		};
		33DD84DB1B245153000EF9A6 /* Release */ = {
			isa = XCBuildConfiguration;
			baseConfigurationReference = 5EC6D810FF8FA3D2B93D1FEC /* Pods.release.xcconfig */;
			buildSettings = {
				ASSETCATALOG_COMPILER_APPICON_NAME = AppIcon;
				FRAMEWORK_SEARCH_PATHS = (
					"$(inherited)",
					"$(PROJECT_DIR)",
					"$(PROJECT_DIR)/TuBus",
				);
				HEADER_SEARCH_PATHS = (
					"$(inherited)",
					"\"${PODS_ROOT}/Headers/Public\"",
					"\"${PODS_ROOT}/Headers/Public/AFNetworking\"",
					/usr/include/libxml2,
				);
				INFOPLIST_FILE = TuBus/Info.plist;
				IPHONEOS_DEPLOYMENT_TARGET = 8.0;
				LD_RUNPATH_SEARCH_PATHS = "$(inherited) @executable_path/Frameworks";
				LIBRARY_SEARCH_PATHS = "$(inherited)";
				OTHER_LDFLAGS = (
					"$(inherited)",
					"-ObjC",
					"-l\"Pods-AFNetworking\"",
					"-framework",
					"\"CoreGraphics\"",
					"-framework",
					"\"MobileCoreServices\"",
					"-framework",
					"\"Security\"",
					"-framework",
					"\"SystemConfiguration\"",
					"-lxml2",
				);
				PRODUCT_NAME = "$(TARGET_NAME)";
			};
			name = Release;
		};
		33DD84DD1B245153000EF9A6 /* Debug */ = {
			isa = XCBuildConfiguration;
			buildSettings = {
				BUNDLE_LOADER = "$(TEST_HOST)";
				FRAMEWORK_SEARCH_PATHS = (
					"$(SDKROOT)/Developer/Library/Frameworks",
					"$(inherited)",
				);
				GCC_PREPROCESSOR_DEFINITIONS = (
					"DEBUG=1",
					"$(inherited)",
				);
				INFOPLIST_FILE = TuBusTests/Info.plist;
				LD_RUNPATH_SEARCH_PATHS = "$(inherited) @executable_path/Frameworks @loader_path/Frameworks";
				PRODUCT_NAME = "$(TARGET_NAME)";
				TEST_HOST = "$(BUILT_PRODUCTS_DIR)/TuBus.app/TuBus";
			};
			name = Debug;
		};
		33DD84DE1B245153000EF9A6 /* Release */ = {
			isa = XCBuildConfiguration;
			buildSettings = {
				BUNDLE_LOADER = "$(TEST_HOST)";
				FRAMEWORK_SEARCH_PATHS = (
					"$(SDKROOT)/Developer/Library/Frameworks",
					"$(inherited)",
				);
				INFOPLIST_FILE = TuBusTests/Info.plist;
				LD_RUNPATH_SEARCH_PATHS = "$(inherited) @executable_path/Frameworks @loader_path/Frameworks";
				PRODUCT_NAME = "$(TARGET_NAME)";
				TEST_HOST = "$(BUILT_PRODUCTS_DIR)/TuBus.app/TuBus";
			};
			name = Release;
		};
/* End XCBuildConfiguration section */

/* Begin XCConfigurationList section */
		33DD84B11B245152000EF9A6 /* Build configuration list for PBXProject "TuBus" */ = {
			isa = XCConfigurationList;
			buildConfigurations = (
				33DD84D71B245153000EF9A6 /* Debug */,
				33DD84D81B245153000EF9A6 /* Release */,
			);
			defaultConfigurationIsVisible = 0;
			defaultConfigurationName = Release;
		};
		33DD84D91B245153000EF9A6 /* Build configuration list for PBXNativeTarget "TuBus" */ = {
			isa = XCConfigurationList;
			buildConfigurations = (
				33DD84DA1B245153000EF9A6 /* Debug */,
				33DD84DB1B245153000EF9A6 /* Release */,
			);
			defaultConfigurationIsVisible = 0;
			defaultConfigurationName = Release;
		};
		33DD84DC1B245153000EF9A6 /* Build configuration list for PBXNativeTarget "TuBusTests" */ = {
			isa = XCConfigurationList;
			buildConfigurations = (
				33DD84DD1B245153000EF9A6 /* Debug */,
				33DD84DE1B245153000EF9A6 /* Release */,
			);
			defaultConfigurationIsVisible = 0;
			defaultConfigurationName = Release;
		};
/* End XCConfigurationList section */
	};
	rootObject = 33DD84AE1B245152000EF9A6 /* Project object */;
}
